{
  "version": 4,
  "terraform_version": "1.14.6",
  "serial": 3,
  "lineage": "4db262fe-a73f-7ad4-10a6-a9dc858c94c6",
  "outputs": {
    "resource_group_name": {
      "value": "rg-creative-sparrow",
      "type": "string"
    }
  },
  "resources": [
    {
      "mode": "managed",
      "type": "azurerm_resource_group",
      "name": "example",
      "provider": "provider[\"registry.terraform.io/hashicorp/azurerm\"]",
      "instances": [
        {
          "schema_version": 0,
          "attributes": {
            "id": "/subscriptions/add4e482-443c-4b27-84ae-24ae1be033ad/resourceGroups/rg-creative-sparrow",
            "location": "eastus",
            "managed_by": "",
            "name": "rg-creative-sparrow",
            "tags": {
              "Environment": "devtest",
              "Owner": "marius",
              "Project": "ProjectTerraform"
            },
            "timeouts": null
          },
          "sensitive_attributes": [],
          "identity_schema_version": 0,
          "identity": {
            "name": "rg-creative-sparrow",
            "subscription_id": "add4e482-443c-4b27-84ae-24ae1be033ad"
          },
          "private": "eyJlMmJmYjczMC1lY2FhLTExZTYtOGY4OC0zNDM2M2JjN2M0YzAiOnsiY3JlYXRlIjo1NDAwMDAwMDAwMDAwLCJkZWxldGUiOjU0MDAwMDAwMDAwMDAsInJlYWQiOjMwMDAwMDAwMDAwMCwidXBkYXRlIjo1NDAwMDAwMDAwMDAwfX0=",
          "dependencies": [
            "random_pet.rg_name"
          ]
        }
      ]
    },
    {
      "mode": "managed",
      "type": "random_pet",
      "name": "rg_name",
      "provider": "provider[\"registry.terraform.io/hashicorp/random\"]",
      "instances": [
        {
          "schema_version": 0,
          "attributes": {
            "id": "rg-creative-sparrow",
            "keepers": null,
            "length": 2,
            "prefix": "rg",
            "separator": "-"
          },
          "sensitive_attributes": [],
          "identity_schema_version": 0
        }
      ]
    }
  ],
  "check_results": null
}
